// !$*UTF8*$!
{
	archiveVersion = 1;
	classes = {
	};
	objectVersion = 56;
	objects = {

/* Begin PBXBuildFile section */
		A1000001AAAAAAAA00000001 /* OakCompendiumApp.swift in Sources */ = {isa = PBXBuildFile; fileRef = A1000002AAAAAAAA00000001 /* OakCompendiumApp.swift */; };
		A1000003AAAAAAAA00000001 /* ContentView.swift in Sources */ = {isa = PBXBuildFile; fileRef = A1000004AAAAAAAA00000001 /* ContentView.swift */; };
		A1000005AAAAAAAA00000001 /* Assets.xcassets in Resources */ = {isa = PBXBuildFile; fileRef = A1000006AAAAAAAA00000001 /* Assets.xcassets */; };
		B1000001BBBBBBBB00000001 /* TaxonomyPath.swift in Sources */ = {isa = PBXBuildFile; fileRef = B1000002BBBBBBBB00000001 /* TaxonomyPath.swift */; };
		B1000003BBBBBBBB00000001 /* NoteField.swift in Sources */ = {isa = PBXBuildFile; fileRef = B1000004BBBBBBBB00000001 /* NoteField.swift */; };
		B1000005BBBBBBBB00000001 /* SpeciesNote.swift in Sources */ = {isa = PBXBuildFile; fileRef = B1000006BBBBBBBB00000001 /* SpeciesNote.swift */; };
		B1000007BBBBBBBB00000001 /* StorageService.swift in Sources */ = {isa = PBXBuildFile; fileRef = B1000008BBBBBBBB00000001 /* StorageService.swift */; };
		C1000001CCCCCCCC00000001 /* NotesViewModel.swift in Sources */ = {isa = PBXBuildFile; fileRef = C1000002CCCCCCCC00000001 /* NotesViewModel.swift */; };
		C1000003CCCCCCCC00000001 /* NotesListView.swift in Sources */ = {isa = PBXBuildFile; fileRef = C1000004CCCCCCCC00000001 /* NotesListView.swift */; };
		C1000005CCCCCCCC00000001 /* NewNoteSheet.swift in Sources */ = {isa = PBXBuildFile; fileRef = C1000006CCCCCCCC00000001 /* NewNoteSheet.swift */; };
		D1000001DDDDDDDD00000001 /* SpeechService.swift in Sources */ = {isa = PBXBuildFile; fileRef = D1000002DDDDDDDD00000001 /* SpeechService.swift */; };
		D1000003DDDDDDDD00000001 /* DictationModal.swift in Sources */ = {isa = PBXBuildFile; fileRef = D1000004DDDDDDDD00000001 /* DictationModal.swift */; };
/* End PBXBuildFile section */

/* Begin PBXFileReference section */
		A1000007AAAAAAAA00000001 /* OakCompendium.app */ = {isa = PBXFileReference; explicitFileType = wrapper.application; includeInIndex = 0; path = OakCompendium.app; sourceTree = BUILT_PRODUCTS_DIR; };
		A1000002AAAAAAAA00000001 /* OakCompendiumApp.swift */ = {isa = PBXFileReference; lastKnownFileType = sourcecode.swift; path = OakCompendiumApp.swift; sourceTree = "<group>"; };
		A1000004AAAAAAAA00000001 /* ContentView.swift */ = {isa = PBXFileReference; lastKnownFileType = sourcecode.swift; path = ContentView.swift; sourceTree = "<group>"; };
		A1000006AAAAAAAA00000001 /* Assets.xcassets */ = {isa = PBXFileReference; lastKnownFileType = folder.assetcatalog; path = Assets.xcassets; sourceTree = "<group>"; };
		A1000008AAAAAAAA00000001 /* Info.plist */ = {isa = PBXFileReference; lastKnownFileType = text.plist.xml; path = Info.plist; sourceTree = "<group>"; };
		B1000002BBBBBBBB00000001 /* TaxonomyPath.swift */ = {isa = PBXFileReference; lastKnownFileType = sourcecode.swift; path = TaxonomyPath.swift; sourceTree = "<group>"; };
		B1000004BBBBBBBB00000001 /* NoteField.swift */ = {isa = PBXFileReference; lastKnownFileType = sourcecode.swift; path = NoteField.swift; sourceTree = "<group>"; };
		B1000006BBBBBBBB00000001 /* SpeciesNote.swift */ = {isa = PBXFileReference; lastKnownFileType = sourcecode.swift; path = SpeciesNote.swift; sourceTree = "<group>"; };
		B1000008BBBBBBBB00000001 /* StorageService.swift */ = {isa = PBXFileReference; lastKnownFileType = sourcecode.swift; path = StorageService.swift; sourceTree = "<group>"; };
		C1000002CCCCCCCC00000001 /* NotesViewModel.swift */ = {isa = PBXFileReference; lastKnownFileType = sourcecode.swift; path = NotesViewModel.swift; sourceTree = "<group>"; };
		C1000004CCCCCCCC00000001 /* NotesListView.swift */ = {isa = PBXFileReference; lastKnownFileType = sourcecode.swift; path = NotesListView.swift; sourceTree = "<group>"; };
		C1000006CCCCCCCC00000001 /* NewNoteSheet.swift */ = {isa = PBXFileReference; lastKnownFileType = sourcecode.swift; path = NewNoteSheet.swift; sourceTree = "<group>"; };
		D1000002DDDDDDDD00000001 /* SpeechService.swift */ = {isa = PBXFileReference; lastKnownFileType = sourcecode.swift; path = SpeechService.swift; sourceTree = "<group>"; };
		D1000004DDDDDDDD00000001 /* DictationModal.swift */ = {isa = PBXFileReference; lastKnownFileType = sourcecode.swift; path = DictationModal.swift; sourceTree = "<group>"; };
/* End PBXFileReference section */

/* Begin PBXFrameworksBuildPhase section */
		A1000009AAAAAAAA00000001 /* Frameworks */ = {
			isa = PBXFrameworksBuildPhase;
			buildActionMask = 2147483647;
			files = (
			);
			runOnlyForDeploymentPostprocessing = 0;
		};
/* End PBXFrameworksBuildPhase section */

/* Begin PBXGroup section */
		A100000AAAAAAAAA00000001 = {
			isa = PBXGroup;
			children = (
				A100000BAAAAAAAA00000001 /* OakCompendium */,
				A100000CAAAAAAAA00000001 /* Products */,
			);
			sourceTree = "<group>";
		};
		A100000BAAAAAAAA00000001 /* OakCompendium */ = {
			isa = PBXGroup;
			children = (
				A100000DAAAAAAAA00000001 /* Sources */,
				A100000EAAAAAAAA00000001 /* Resources */,
				A1000008AAAAAAAA00000001 /* Info.plist */,
			);
			path = OakCompendium;
			sourceTree = "<group>";
		};
		A100000CAAAAAAAA00000001 /* Products */ = {
			isa = PBXGroup;
			children = (
				A1000007AAAAAAAA00000001 /* OakCompendium.app */,
			);
			name = Products;
			sourceTree = "<group>";
		};
		A100000DAAAAAAAA00000001 /* Sources */ = {
			isa = PBXGroup;
			children = (
				A1000002AAAAAAAA00000001 /* OakCompendiumApp.swift */,
				A1000004AAAAAAAA00000001 /* ContentView.swift */,
				B100000ABBBBBBBB00000001 /* Models */,
				C100000ACCCCCCCC00000001 /* ViewModels */,
				C100000BCCCCCCCC00000001 /* Views */,
				B100000BBBBBBBBB00000001 /* Services */,
			);
			path = Sources;
			sourceTree = "<group>";
		};
		A100000EAAAAAAAA00000001 /* Resources */ = {
			isa = PBXGroup;
			children = (
				A1000006AAAAAAAA00000001 /* Assets.xcassets */,
			);
			path = Resources;
			sourceTree = "<group>";
		};
		B100000ABBBBBBBB00000001 /* Models */ = {
			isa = PBXGroup;
			children = (
				B1000002BBBBBBBB00000001 /* TaxonomyPath.swift */,
				B1000004BBBBBBBB00000001 /* NoteField.swift */,
				B1000006BBBBBBBB00000001 /* SpeciesNote.swift */,
			);
			path = Models;
			sourceTree = "<group>";
		};
		B100000BBBBBBBBB00000001 /* Services */ = {
			isa = PBXGroup;
			children = (
				B1000008BBBBBBBB00000001 /* StorageService.swift */,
				D1000002DDDDDDDD00000001 /* SpeechService.swift */,
			);
			path = Services;
			sourceTree = "<group>";
		};
		C100000ACCCCCCCC00000001 /* ViewModels */ = {
			isa = PBXGroup;
			children = (
				C1000002CCCCCCCC00000001 /* NotesViewModel.swift */,
			);
			path = ViewModels;
			sourceTree = "<group>";
		};
		C100000BCCCCCCCC00000001 /* Views */ = {
			isa = PBXGroup;
			children = (
				C1000004CCCCCCCC00000001 /* NotesListView.swift */,
				C1000006CCCCCCCC00000001 /* NewNoteSheet.swift */,
				D1000004DDDDDDDD00000001 /* DictationModal.swift */,
			);
			path = Views;
			sourceTree = "<group>";
		};
/* End PBXGroup section */

/* Begin PBXNativeTarget section */
		A100000FAAAAAAAA00000001 /* OakCompendium */ = {
			isa = PBXNativeTarget;
			buildConfigurationList = A1000010AAAAAAAA00000001 /* Build configuration list for PBXNativeTarget "OakCompendium" */;
			buildPhases = (
				A1000011AAAAAAAA00000001 /* Sources */,
				A1000009AAAAAAAA00000001 /* Frameworks */,
				A1000012AAAAAAAA00000001 /* Resources */,
			);
			buildRules = (
			);
			dependencies = (
			);
			name = OakCompendium;
			productName = OakCompendium;
			productReference = A1000007AAAAAAAA00000001 /* OakCompendium.app */;
			productType = "com.apple.product-type.application";
		};
/* End PBXNativeTarget section */

/* Begin PBXProject section */
		A1000013AAAAAAAA00000001 /* Project object */ = {
			isa = PBXProject;
			attributes = {
				BuildIndependentTargetsInParallel = 1;
				LastSwiftUpdateCheck = 1500;
				LastUpgradeCheck = 1500;
				TargetAttributes = {
					A100000FAAAAAAAA00000001 = {
						CreatedOnToolsVersion = 15.0;
					};
				};
			};
			buildConfigurationList = A1000014AAAAAAAA00000001 /* Build configuration list for PBXProject "OakCompendium" */;
			compatibilityVersion = "Xcode 14.0";
			developmentRegion = en;
			hasScannedForEncodings = 0;
			knownRegions = (
				en,
				Base,
			);
			mainGroup = A100000AAAAAAAAA00000001;
			productRefGroup = A100000CAAAAAAAA00000001 /* Products */;
			projectDirPath = "";
			projectRoot = "";
			targets = (
				A100000FAAAAAAAA00000001 /* OakCompendium */,
			);
		};
/* End PBXProject section */

/* Begin PBXResourcesBuildPhase section */
		A1000012AAAAAAAA00000001 /* Resources */ = {
			isa = PBXResourcesBuildPhase;
			buildActionMask = 2147483647;
			files = (
				A1000005AAAAAAAA00000001 /* Assets.xcassets in Resources */,
			);
			runOnlyForDeploymentPostprocessing = 0;
		};
/* End PBXResourcesBuildPhase section */

/* Begin PBXSourcesBuildPhase section */
		A1000011AAAAAAAA00000001 /* Sources */ = {
			isa = PBXSourcesBuildPhase;
			buildActionMask = 2147483647;
			files = (
				A1000001AAAAAAAA00000001 /* OakCompendiumApp.swift in Sources */,
				A1000003AAAAAAAA00000001 /* ContentView.swift in Sources */,
				B1000001BBBBBBBB00000001 /* TaxonomyPath.swift in Sources */,
				B1000003BBBBBBBB00000001 /* NoteField.swift in Sources */,
				B1000005BBBBBBBB00000001 /* SpeciesNote.swift in Sources */,
				B1000007BBBBBBBB00000001 /* StorageService.swift in Sources */,
				C1000001CCCCCCCC00000001 /* NotesViewModel.swift in Sources */,
				C1000003CCCCCCCC00000001 /* NotesListView.swift in Sources */,
				C1000005CCCCCCCC00000001 /* NewNoteSheet.swift in Sources */,
				D1000001DDDDDDDD00000001 /* SpeechService.swift in Sources */,
				D1000003DDDDDDDD00000001 /* DictationModal.swift in Sources */,
			);
			runOnlyForDeploymentPostprocessing = 0;
		};
/* End PBXSourcesBuildPhase section */

/* Begin XCBuildConfiguration section */
		A1000015AAAAAAAA00000001 /* Debug */ = {
			isa = XCBuildConfiguration;
			buildSettings = {
				ALWAYS_SEARCH_USER_PATHS = NO;
				ASSETCATALOG_COMPILER_GENERATE_SWIFT_ASSET_SYMBOL_EXTENSIONS = YES;
				CLANG_ANALYZER_NONNULL = YES;
				CLANG_ANALYZER_NUMBER_OBJECT_CONVERSION = YES_AGGRESSIVE;
				CLANG_CXX_LANGUAGE_STANDARD = "gnu++20";
				CLANG_ENABLE_MODULES = YES;
				CLANG_ENABLE_OBJC_ARC = YES;
				CLANG_ENABLE_OBJC_WEAK = YES;
				CLANG_WARN_BLOCK_CAPTURE_AUTORELEASING = YES;
				CLANG_WARN_BOOL_CONVERSION = YES;
				CLANG_WARN_COMMA = YES;
				CLANG_WARN_CONSTANT_CONVERSION = YES;
				CLANG_WARN_DEPRECATED_OBJC_IMPLEMENTATIONS = YES;
				CLANG_WARN_DIRECT_OBJC_ISA_USAGE = YES_ERROR;
				CLANG_WARN_DOCUMENTATION_COMMENTS = YES;
				CLANG_WARN_EMPTY_BODY = YES;
				CLANG_WARN_ENUM_CONVERSION = YES;
				CLANG_WARN_INFINITE_RECURSION = YES;
				CLANG_WARN_INT_CONVERSION = YES;
				CLANG_WARN_NON_LITERAL_NULL_CONVERSION = YES;
				CLANG_WARN_OBJC_IMPLICIT_RETAIN_SELF = YES;
				CLANG_WARN_OBJC_LITERAL_CONVERSION = YES;
				CLANG_WARN_OBJC_ROOT_CLASS = YES_ERROR;
				CLANG_WARN_QUOTED_INCLUDE_IN_FRAMEWORK_HEADER = YES;
				CLANG_WARN_RANGE_LOOP_ANALYSIS = YES;
				CLANG_WARN_STRICT_PROTOTYPES = YES;
				CLANG_WARN_SUSPICIOUS_MOVE = YES;
				CLANG_WARN_UNGUARDED_AVAILABILITY = YES_AGGRESSIVE;
				CLANG_WARN_UNREACHABLE_CODE = YES;
				CLANG_WARN__DUPLICATE_METHOD_MATCH = YES;
				COPY_PHASE_STRIP = NO;
				DEBUG_INFORMATION_FORMAT = dwarf;
				ENABLE_STRICT_OBJC_MSGSEND = YES;
				ENABLE_TESTABILITY = YES;
				ENABLE_USER_SCRIPT_SANDBOXING = YES;
				GCC_C_LANGUAGE_STANDARD = gnu17;
				GCC_DYNAMIC_NO_PIC = NO;
				GCC_NO_COMMON_BLOCKS = YES;
				GCC_OPTIMIZATION_LEVEL = 0;
				GCC_PREPROCESSOR_DEFINITIONS = (
					"DEBUG=1",
					"$(inherited)",
				);
				GCC_WARN_64_TO_32_BIT_CONVERSION = YES;
				GCC_WARN_ABOUT_RETURN_TYPE = YES_ERROR;
				GCC_WARN_UNDECLARED_SELECTOR = YES;
				GCC_WARN_UNINITIALIZED_AUTOS = YES_AGGRESSIVE;
				GCC_WARN_UNUSED_FUNCTION = YES;
				GCC_WARN_UNUSED_VARIABLE = YES;
				IPHONEOS_DEPLOYMENT_TARGET = 17.0;
				LOCALIZATION_PREFERS_STRING_CATALOGS = YES;
				MTL_ENABLE_DEBUG_INFO = INCLUDE_SOURCE;
				MTL_FAST_MATH = YES;
				ONLY_ACTIVE_ARCH = YES;
				SDKROOT = iphoneos;
				SWIFT_ACTIVE_COMPILATION_CONDITIONS = "DEBUG $(inherited)";
				SWIFT_OPTIMIZATION_LEVEL = "-Onone";
			};
			name = Debug;
		};
		A1000016AAAAAAAA00000001 /* Release */ = {
			isa = XCBuildConfiguration;
			buildSettings = {
				ALWAYS_SEARCH_USER_PATHS = NO;
				ASSETCATALOG_COMPILER_GENERATE_SWIFT_ASSET_SYMBOL_EXTENSIONS = YES;
				CLANG_ANALYZER_NONNULL = YES;
				CLANG_ANALYZER_NUMBER_OBJECT_CONVERSION = YES_AGGRESSIVE;
				CLANG_CXX_LANGUAGE_STANDARD = "gnu++20";
				CLANG_ENABLE_MODULES = YES;
				CLANG_ENABLE_OBJC_ARC = YES;
				CLANG_ENABLE_OBJC_WEAK = YES;
				CLANG_WARN_BLOCK_CAPTURE_AUTORELEASING = YES;
				CLANG_WARN_BOOL_CONVERSION = YES;
				CLANG_WARN_COMMA = YES;
				CLANG_WARN_CONSTANT_CONVERSION = YES;
				CLANG_WARN_DEPRECATED_OBJC_IMPLEMENTATIONS = YES;
				CLANG_WARN_DIRECT_OBJC_ISA_USAGE = YES_ERROR;
				CLANG_WARN_DOCUMENTATION_COMMENTS = YES;
				CLANG_WARN_EMPTY_BODY = YES;
				CLANG_WARN_ENUM_CONVERSION = YES;
				CLANG_WARN_INFINITE_RECURSION = YES;
				CLANG_WARN_INT_CONVERSION = YES;
				CLANG_WARN_NON_LITERAL_NULL_CONVERSION = YES;
				CLANG_WARN_OBJC_IMPLICIT_RETAIN_SELF = YES;
				CLANG_WARN_OBJC_LITERAL_CONVERSION = YES;
				CLANG_WARN_OBJC_ROOT_CLASS = YES_ERROR;
				CLANG_WARN_QUOTED_INCLUDE_IN_FRAMEWORK_HEADER = YES;
				CLANG_WARN_RANGE_LOOP_ANALYSIS = YES;
				CLANG_WARN_STRICT_PROTOTYPES = YES;
				CLANG_WARN_SUSPICIOUS_MOVE = YES;
				CLANG_WARN_UNGUARDED_AVAILABILITY = YES_AGGRESSIVE;
				CLANG_WARN_UNREACHABLE_CODE = YES;
				CLANG_WARN__DUPLICATE_METHOD_MATCH = YES;
				COPY_PHASE_STRIP = NO;
				DEBUG_INFORMATION_FORMAT = "dwarf-with-dsym";
				ENABLE_NS_ASSERTIONS = NO;
				ENABLE_STRICT_OBJC_MSGSEND = YES;
				ENABLE_USER_SCRIPT_SANDBOXING = YES;
				GCC_C_LANGUAGE_STANDARD = gnu17;
				GCC_NO_COMMON_BLOCKS = YES;
				GCC_WARN_64_TO_32_BIT_CONVERSION = YES;
				GCC_WARN_ABOUT_RETURN_TYPE = YES_ERROR;
				GCC_WARN_UNDECLARED_SELECTOR = YES;
				GCC_WARN_UNINITIALIZED_AUTOS = YES_AGGRESSIVE;
				GCC_WARN_UNUSED_FUNCTION = YES;
				GCC_WARN_UNUSED_VARIABLE = YES;
				IPHONEOS_DEPLOYMENT_TARGET = 17.0;
				LOCALIZATION_PREFERS_STRING_CATALOGS = YES;
				MTL_ENABLE_DEBUG_INFO = NO;
				MTL_FAST_MATH = YES;
				SDKROOT = iphoneos;
				SWIFT_COMPILATION_MODE = wholemodule;
				VALIDATE_PRODUCT = YES;
			};
			name = Release;
		};
		A1000017AAAAAAAA00000001 /* Debug */ = {
			isa = XCBuildConfiguration;
			buildSettings = {
				ASSETCATALOG_COMPILER_APPICON_NAME = AppIcon;
				ASSETCATALOG_COMPILER_GLOBAL_ACCENT_COLOR_NAME = AccentColor;
				CODE_SIGN_STYLE = Automatic;
				CURRENT_PROJECT_VERSION = 1;
				DEVELOPMENT_TEAM = "";
				ENABLE_PREVIEWS = YES;
				GENERATE_INFOPLIST_FILE = NO;
				INFOPLIST_FILE = OakCompendium/Info.plist;
				INFOPLIST_KEY_CFBundleDisplayName = "Oak Compendium";
				INFOPLIST_KEY_LSApplicationCategoryType = "public.app-category.reference";
				INFOPLIST_KEY_UIApplicationSceneManifest_Generation = YES;
				INFOPLIST_KEY_UIApplicationSupportsIndirectInputEvents = YES;
				INFOPLIST_KEY_UILaunchScreen_Generation = YES;
				INFOPLIST_KEY_UISupportedInterfaceOrientations_iPad = "UIInterfaceOrientationPortrait UIInterfaceOrientationPortraitUpsideDown UIInterfaceOrientationLandscapeLeft UIInterfaceOrientationLandscapeRight";
				INFOPLIST_KEY_UISupportedInterfaceOrientations_iPhone = "UIInterfaceOrientationPortrait UIInterfaceOrientationLandscapeLeft UIInterfaceOrientationLandscapeRight";
				LD_RUNPATH_SEARCH_PATHS = (
					"$(inherited)",
					"@executable_path/Frameworks",
				);
				MARKETING_VERSION = 1.0;
				PRODUCT_BUNDLE_IDENTIFIER = com.quercus.OakCompendium;
				PRODUCT_NAME = "$(TARGET_NAME)";
				SWIFT_EMIT_LOC_STRINGS = YES;
				SWIFT_VERSION = 5.0;
				TARGETED_DEVICE_FAMILY = "1,2";
			};
			name = Debug;
		};
		A1000018AAAAAAAA00000001 /* Release */ = {
			isa = XCBuildConfiguration;
			buildSettings = {
				ASSETCATALOG_COMPILER_APPICON_NAME = AppIcon;
				ASSETCATALOG_COMPILER_GLOBAL_ACCENT_COLOR_NAME = AccentColor;
				CODE_SIGN_STYLE = Automatic;
				CURRENT_PROJECT_VERSION = 1;
				DEVELOPMENT_TEAM = "";
				ENABLE_PREVIEWS = YES;
				GENERATE_INFOPLIST_FILE = NO;
				INFOPLIST_FILE = OakCompendium/Info.plist;
				INFOPLIST_KEY_CFBundleDisplayName = "Oak Compendium";
				INFOPLIST_KEY_LSApplicationCategoryType = "public.app-category.reference";
				INFOPLIST_KEY_UIApplicationSceneManifest_Generation = YES;
				INFOPLIST_KEY_UIApplicationSupportsIndirectInputEvents = YES;
				INFOPLIST_KEY_UILaunchScreen_Generation = YES;
				INFOPLIST_KEY_UISupportedInterfaceOrientations_iPad = "UIInterfaceOrientationPortrait UIInterfaceOrientationPortraitUpsideDown UIInterfaceOrientationLandscapeLeft UIInterfaceOrientationLandscapeRight";
				INFOPLIST_KEY_UISupportedInterfaceOrientations_iPhone = "UIInterfaceOrientationPortrait UIInterfaceOrientationLandscapeLeft UIInterfaceOrientationLandscapeRight";
				LD_RUNPATH_SEARCH_PATHS = (
					"$(inherited)",
					"@executable_path/Frameworks",
				);
				MARKETING_VERSION = 1.0;
				PRODUCT_BUNDLE_IDENTIFIER = com.quercus.OakCompendium;
				PRODUCT_NAME = "$(TARGET_NAME)";
				SWIFT_EMIT_LOC_STRINGS = YES;
				SWIFT_VERSION = 5.0;
				TARGETED_DEVICE_FAMILY = "1,2";
			};
			name = Release;
		};
/* End XCBuildConfiguration section */

/* Begin XCConfigurationList section */
		A1000014AAAAAAAA00000001 /* Build configuration list for PBXProject "OakCompendium" */ = {
			isa = XCConfigurationList;
			buildConfigurations = (
				A1000015AAAAAAAA00000001 /* Debug */,
				A1000016AAAAAAAA00000001 /* Release */,
			);
			defaultConfigurationIsVisible = 0;
			defaultConfigurationName = Release;
		};
		A1000010AAAAAAAA00000001 /* Build configuration list for PBXNativeTarget "OakCompendium" */ = {
			isa = XCConfigurationList;
			buildConfigurations = (
				A1000017AAAAAAAA00000001 /* Debug */,
				A1000018AAAAAAAA00000001 /* Release */,
			);
			defaultConfigurationIsVisible = 0;
			defaultConfigurationName = Release;
		};
/* End XCConfigurationList section */
	};
	rootObject = A1000013AAAAAAAA00000001 /* Project object */;
}
